{
  "name": "pymaplibregl",
  "version": "0.1.1",
  "lockfileVersion": 3,
  "requires": true,
  "packages": {
    "": {
      "name": "pymaplibregl",
      "version": "0.1.1",
      "license": "MIT",
      "dependencies": {
        "@deck.gl/aggregation-layers": "^9.0.16",
        "@deck.gl/json": "^9.0.16",
        "@deck.gl/layers": "^9.0.16",
        "@deck.gl/mapbox": "^9.0.16",
        "mustache": "^4.2.0"
      },
      "devDependencies": {
        "esbuild": "0.19.10",
        "prettier": "3.1.1"
      }
    },
    "node_modules/@deck.gl/aggregation-layers": {
      "version": "9.0.16",
      "resolved": "https://registry.npmjs.org/@deck.gl/aggregation-layers/-/aggregation-layers-9.0.16.tgz",
      "integrity": "sha512-bO9/lELi4InsfDTI+CMkMKlzit5uFEbqKzIz5SXgw+jXRFPD1Z4LJ1uFyzaLPAE0bHc8CGGIvRTKb+Mf+8Af1g==",
      "dependencies": {
        "@luma.gl/constants": "^9.0.14",
        "@luma.gl/shadertools": "^9.0.14",
        "@math.gl/web-mercator": "^4.0.0",
        "d3-hexbin": "^0.2.1"
      },
      "peerDependencies": {
        "@deck.gl/core": "^9.0.0",
        "@deck.gl/layers": "^9.0.0",
        "@luma.gl/core": "^9.0.0",
        "@luma.gl/engine": "^9.0.0"
      }
    },
    "node_modules/@deck.gl/core": {
      "version": "9.0.16",
      "resolved": "https://registry.npmjs.org/@deck.gl/core/-/core-9.0.16.tgz",
      "integrity": "sha512-8VP+01/7/iJDkQMW9Cu5+YMRSKXYD19aGABZZLR0pZJ2MnoTJLZMivhwimYIjaKhKfA/3qqu3k8aakEDBU+Tdw==",
      "peer": true,
      "dependencies": {
        "@loaders.gl/core": "^4.2.0",
        "@loaders.gl/images": "^4.2.0",
        "@luma.gl/constants": "^9.0.14",
        "@luma.gl/core": "^9.0.14",
        "@luma.gl/engine": "^9.0.14",
        "@luma.gl/shadertools": "^9.0.14",
        "@luma.gl/webgl": "^9.0.14",
        "@math.gl/core": "^4.0.0",
        "@math.gl/sun": "^4.0.0",
        "@math.gl/web-mercator": "^4.0.0",
        "@probe.gl/env": "^4.0.9",
        "@probe.gl/log": "^4.0.9",
        "@probe.gl/stats": "^4.0.9",
        "@types/offscreencanvas": "^2019.6.4",
        "gl-matrix": "^3.0.0",
        "mjolnir.js": "^2.7.0"
      }
    },
    "node_modules/@deck.gl/json": {
      "version": "9.0.16",
      "resolved": "https://registry.npmjs.org/@deck.gl/json/-/json-9.0.16.tgz",
      "integrity": "sha512-m0bRSmhHChBj9LtjB4A6dl4AEnGXU87K7f4fbcwZiatQ/aMLfzGjzv1sCSxhrShREn1tBWEudzAjQaDtb1tOGA==",
      "dependencies": {
        "expression-eval": "^5.0.0"
      },
      "peerDependencies": {
        "@deck.gl/core": "^9.0.0"
      }
    },
    "node_modules/@deck.gl/layers": {
      "version": "9.0.16",
      "resolved": "https://registry.npmjs.org/@deck.gl/layers/-/layers-9.0.16.tgz",
      "integrity": "sha512-9piNu++TWLr5sXehmf+lbLFLl3txUnjdltOA2iGmdW/iIxC1DYVSHT7LI5WfQ0dxVHVp2Zgw9RyYs0aRmsumkQ==",
      "dependencies": {
        "@loaders.gl/images": "^4.2.0",
        "@loaders.gl/schema": "^4.2.0",
        "@mapbox/tiny-sdf": "^2.0.5",
        "@math.gl/core": "^4.0.0",
        "@math.gl/polygon": "^4.0.0",
        "@math.gl/web-mercator": "^4.0.0",
        "earcut": "^2.2.4"
      },
      "peerDependencies": {
        "@deck.gl/core": "^9.0.0",
        "@loaders.gl/core": "^4.2.0",
        "@luma.gl/core": "^9.0.0",
        "@luma.gl/engine": "^9.0.0"
      }
    },
    "node_modules/@deck.gl/mapbox": {
      "version": "9.0.16",
      "resolved": "https://registry.npmjs.org/@deck.gl/mapbox/-/mapbox-9.0.16.tgz",
      "integrity": "sha512-hBRiDf+WFx6tU+epjF8OazUk2PgD6iBp3uwVEKJafxgt3c9r1fiSCwKfBxZGRyBSDJ48SPsAkTKIks5tS7rfjQ==",
      "dependencies": {
        "@luma.gl/constants": "^9.0.14",
        "@math.gl/web-mercator": "^4.0.0"
      },
      "peerDependencies": {
        "@deck.gl/core": "^9.0.0",
        "@luma.gl/core": "^9.0.0"
      }
    },
    "node_modules/@esbuild/aix-ppc64": {
      "version": "0.19.10",
      "resolved": "https://registry.npmjs.org/@esbuild/aix-ppc64/-/aix-ppc64-0.19.10.tgz",
      "integrity": "sha512-Q+mk96KJ+FZ30h9fsJl+67IjNJm3x2eX+GBWGmocAKgzp27cowCOOqSdscX80s0SpdFXZnIv/+1xD1EctFx96Q==",
      "cpu": [
        "ppc64"
      ],
      "dev": true,
      "optional": true,
      "os": [
        "aix"
      ],
      "engines": {
        "node": ">=12"
      }
    },
    "node_modules/@esbuild/android-arm": {
      "version": "0.19.10",
      "resolved": "https://registry.npmjs.org/@esbuild/android-arm/-/android-arm-0.19.10.tgz",
      "integrity": "sha512-7W0bK7qfkw1fc2viBfrtAEkDKHatYfHzr/jKAHNr9BvkYDXPcC6bodtm8AyLJNNuqClLNaeTLuwURt4PRT9d7w==",
      "cpu": [
        "arm"
      ],
      "dev": true,
      "optional": true,
      "os": [
        "android"
      ],
      "engines": {
        "node": ">=12"
      }
    },
    "node_modules/@esbuild/android-arm64": {
      "version": "0.19.10",
      "resolved": "https://registry.npmjs.org/@esbuild/android-arm64/-/android-arm64-0.19.10.tgz",
      "integrity": "sha512-1X4CClKhDgC3by7k8aOWZeBXQX8dHT5QAMCAQDArCLaYfkppoARvh0fit3X2Qs+MXDngKcHv6XXyQCpY0hkK1Q==",
      "cpu": [
        "arm64"
      ],
      "dev": true,
      "optional": true,
      "os": [
        "android"
      ],
      "engines": {
        "node": ">=12"
      }
    },
    "node_modules/@esbuild/android-x64": {
      "version": "0.19.10",
      "resolved": "https://registry.npmjs.org/@esbuild/android-x64/-/android-x64-0.19.10.tgz",
      "integrity": "sha512-O/nO/g+/7NlitUxETkUv/IvADKuZXyH4BHf/g/7laqKC4i/7whLpB0gvpPc2zpF0q9Q6FXS3TS75QHac9MvVWw==",
      "cpu": [
        "x64"
      ],
      "dev": true,
      "optional": true,
      "os": [
        "android"
      ],
      "engines": {
        "node": ">=12"
      }
    },
    "node_modules/@esbuild/darwin-arm64": {
      "version": "0.19.10",
      "resolved": "https://registry.npmjs.org/@esbuild/darwin-arm64/-/darwin-arm64-0.19.10.tgz",
      "integrity": "sha512-YSRRs2zOpwypck+6GL3wGXx2gNP7DXzetmo5pHXLrY/VIMsS59yKfjPizQ4lLt5vEI80M41gjm2BxrGZ5U+VMA==",
      "cpu": [
        "arm64"
      ],
      "dev": true,
      "optional": true,
      "os": [
        "darwin"
      ],
      "engines": {
        "node": ">=12"
      }
    },
    "node_modules/@esbuild/darwin-x64": {
      "version": "0.19.10",
      "resolved": "https://registry.npmjs.org/@esbuild/darwin-x64/-/darwin-x64-0.19.10.tgz",
      "integrity": "sha512-alfGtT+IEICKtNE54hbvPg13xGBe4GkVxyGWtzr+yHO7HIiRJppPDhOKq3zstTcVf8msXb/t4eavW3jCDpMSmA==",
      "cpu": [
        "x64"
      ],
      "dev": true,
      "optional": true,
      "os": [
        "darwin"
      ],
      "engines": {
        "node": ">=12"
      }
    },
    "node_modules/@esbuild/freebsd-arm64": {
      "version": "0.19.10",
      "resolved": "https://registry.npmjs.org/@esbuild/freebsd-arm64/-/freebsd-arm64-0.19.10.tgz",
      "integrity": "sha512-dMtk1wc7FSH8CCkE854GyGuNKCewlh+7heYP/sclpOG6Cectzk14qdUIY5CrKDbkA/OczXq9WesqnPl09mj5dg==",
      "cpu": [
        "arm64"
      ],
      "dev": true,
      "optional": true,
      "os": [
        "freebsd"
      ],
      "engines": {
        "node": ">=12"
      }
    },
    "node_modules/@esbuild/freebsd-x64": {
      "version": "0.19.10",
      "resolved": "https://registry.npmjs.org/@esbuild/freebsd-x64/-/freebsd-x64-0.19.10.tgz",
      "integrity": "sha512-G5UPPspryHu1T3uX8WiOEUa6q6OlQh6gNl4CO4Iw5PS+Kg5bVggVFehzXBJY6X6RSOMS8iXDv2330VzaObm4Ag==",
      "cpu": [
        "x64"
      ],
      "dev": true,
      "optional": true,
      "os": [
        "freebsd"
      ],
      "engines": {
        "node": ">=12"
      }
    },
    "node_modules/@esbuild/linux-arm": {
      "version": "0.19.10",
      "resolved": "https://registry.npmjs.org/@esbuild/linux-arm/-/linux-arm-0.19.10.tgz",
      "integrity": "sha512-j6gUW5aAaPgD416Hk9FHxn27On28H4eVI9rJ4az7oCGTFW48+LcgNDBN+9f8rKZz7EEowo889CPKyeaD0iw9Kg==",
      "cpu": [
        "arm"
      ],
      "dev": true,
      "optional": true,
      "os": [
        "linux"
      ],
      "engines": {
        "node": ">=12"
      }
    },
    "node_modules/@esbuild/linux-arm64": {
      "version": "0.19.10",
      "resolved": "https://registry.npmjs.org/@esbuild/linux-arm64/-/linux-arm64-0.19.10.tgz",
      "integrity": "sha512-QxaouHWZ+2KWEj7cGJmvTIHVALfhpGxo3WLmlYfJ+dA5fJB6lDEIg+oe/0//FuyVHuS3l79/wyBxbHr0NgtxJQ==",
      "cpu": [
        "arm64"
      ],
      "dev": true,
      "optional": true,
      "os": [
        "linux"
      ],
      "engines": {
        "node": ">=12"
      }
    },
    "node_modules/@esbuild/linux-ia32": {
      "version": "0.19.10",
      "resolved": "https://registry.npmjs.org/@esbuild/linux-ia32/-/linux-ia32-0.19.10.tgz",
      "integrity": "sha512-4ub1YwXxYjj9h1UIZs2hYbnTZBtenPw5NfXCRgEkGb0b6OJ2gpkMvDqRDYIDRjRdWSe/TBiZltm3Y3Q8SN1xNg==",
      "cpu": [
        "ia32"
      ],
      "dev": true,
      "optional": true,
      "os": [
        "linux"
      ],
      "engines": {
        "node": ">=12"
      }
    },
    "node_modules/@esbuild/linux-loong64": {
      "version": "0.19.10",
      "resolved": "https://registry.npmjs.org/@esbuild/linux-loong64/-/linux-loong64-0.19.10.tgz",
      "integrity": "sha512-lo3I9k+mbEKoxtoIbM0yC/MZ1i2wM0cIeOejlVdZ3D86LAcFXFRdeuZmh91QJvUTW51bOK5W2BznGNIl4+mDaA==",
      "cpu": [
        "loong64"
      ],
      "dev": true,
      "optional": true,
      "os": [
        "linux"
      ],
      "engines": {
        "node": ">=12"
      }
    },
    "node_modules/@esbuild/linux-mips64el": {
      "version": "0.19.10",
      "resolved": "https://registry.npmjs.org/@esbuild/linux-mips64el/-/linux-mips64el-0.19.10.tgz",
      "integrity": "sha512-J4gH3zhHNbdZN0Bcr1QUGVNkHTdpijgx5VMxeetSk6ntdt+vR1DqGmHxQYHRmNb77tP6GVvD+K0NyO4xjd7y4A==",
      "cpu": [
        "mips64el"
      ],
      "dev": true,
      "optional": true,
      "os": [
        "linux"
      ],
      "engines": {
        "node": ">=12"
      }
    },
    "node_modules/@esbuild/linux-ppc64": {
      "version": "0.19.10",
      "resolved": "https://registry.npmjs.org/@esbuild/linux-ppc64/-/linux-ppc64-0.19.10.tgz",
      "integrity": "sha512-tgT/7u+QhV6ge8wFMzaklOY7KqiyitgT1AUHMApau32ZlvTB/+efeCtMk4eXS+uEymYK249JsoiklZN64xt6oQ==",
      "cpu": [
        "ppc64"
      ],
      "dev": true,
      "optional": true,
      "os": [
        "linux"
      ],
      "engines": {
        "node": ">=12"
      }
    },
    "node_modules/@esbuild/linux-riscv64": {
      "version": "0.19.10",
      "resolved": "https://registry.npmjs.org/@esbuild/linux-riscv64/-/linux-riscv64-0.19.10.tgz",
      "integrity": "sha512-0f/spw0PfBMZBNqtKe5FLzBDGo0SKZKvMl5PHYQr3+eiSscfJ96XEknCe+JoOayybWUFQbcJTrk946i3j9uYZA==",
      "cpu": [
        "riscv64"
      ],
      "dev": true,
      "optional": true,
      "os": [
        "linux"
      ],
      "engines": {
        "node": ">=12"
      }
    },
    "node_modules/@esbuild/linux-s390x": {
      "version": "0.19.10",
      "resolved": "https://registry.npmjs.org/@esbuild/linux-s390x/-/linux-s390x-0.19.10.tgz",
      "integrity": "sha512-pZFe0OeskMHzHa9U38g+z8Yx5FNCLFtUnJtQMpwhS+r4S566aK2ci3t4NCP4tjt6d5j5uo4h7tExZMjeKoehAA==",
      "cpu": [
        "s390x"
      ],
      "dev": true,
      "optional": true,
      "os": [
        "linux"
      ],
      "engines": {
        "node": ">=12"
      }
    },
    "node_modules/@esbuild/linux-x64": {
      "version": "0.19.10",
      "resolved": "https://registry.npmjs.org/@esbuild/linux-x64/-/linux-x64-0.19.10.tgz",
      "integrity": "sha512-SpYNEqg/6pZYoc+1zLCjVOYvxfZVZj6w0KROZ3Fje/QrM3nfvT2llI+wmKSrWuX6wmZeTapbarvuNNK/qepSgA==",
      "cpu": [
        "x64"
      ],
      "dev": true,
      "optional": true,
      "os": [
        "linux"
      ],
      "engines": {
        "node": ">=12"
      }
    },
    "node_modules/@esbuild/netbsd-x64": {
      "version": "0.19.10",
      "resolved": "https://registry.npmjs.org/@esbuild/netbsd-x64/-/netbsd-x64-0.19.10.tgz",
      "integrity": "sha512-ACbZ0vXy9zksNArWlk2c38NdKg25+L9pr/mVaj9SUq6lHZu/35nx2xnQVRGLrC1KKQqJKRIB0q8GspiHI3J80Q==",
      "cpu": [
        "x64"
      ],
      "dev": true,
      "optional": true,
      "os": [
        "netbsd"
      ],
      "engines": {
        "node": ">=12"
      }
    },
    "node_modules/@esbuild/openbsd-x64": {
      "version": "0.19.10",
      "resolved": "https://registry.npmjs.org/@esbuild/openbsd-x64/-/openbsd-x64-0.19.10.tgz",
      "integrity": "sha512-PxcgvjdSjtgPMiPQrM3pwSaG4kGphP+bLSb+cihuP0LYdZv1epbAIecHVl5sD3npkfYBZ0ZnOjR878I7MdJDFg==",
      "cpu": [
        "x64"
      ],
      "dev": true,
      "optional": true,
      "os": [
        "openbsd"
      ],
      "engines": {
        "node": ">=12"
      }
    },
    "node_modules/@esbuild/sunos-x64": {
      "version": "0.19.10",
      "resolved": "https://registry.npmjs.org/@esbuild/sunos-x64/-/sunos-x64-0.19.10.tgz",
      "integrity": "sha512-ZkIOtrRL8SEJjr+VHjmW0znkPs+oJXhlJbNwfI37rvgeMtk3sxOQevXPXjmAPZPigVTncvFqLMd+uV0IBSEzqA==",
      "cpu": [
        "x64"
      ],
      "dev": true,
      "optional": true,
      "os": [
        "sunos"
      ],
      "engines": {
        "node": ">=12"
      }
    },
    "node_modules/@esbuild/win32-arm64": {
      "version": "0.19.10",
      "resolved": "https://registry.npmjs.org/@esbuild/win32-arm64/-/win32-arm64-0.19.10.tgz",
      "integrity": "sha512-+Sa4oTDbpBfGpl3Hn3XiUe4f8TU2JF7aX8cOfqFYMMjXp6ma6NJDztl5FDG8Ezx0OjwGikIHw+iA54YLDNNVfw==",
      "cpu": [
        "arm64"
      ],
      "dev": true,
      "optional": true,
      "os": [
        "win32"
      ],
      "engines": {
        "node": ">=12"
      }
    },
    "node_modules/@esbuild/win32-ia32": {
      "version": "0.19.10",
      "resolved": "https://registry.npmjs.org/@esbuild/win32-ia32/-/win32-ia32-0.19.10.tgz",
      "integrity": "sha512-EOGVLK1oWMBXgfttJdPHDTiivYSjX6jDNaATeNOaCOFEVcfMjtbx7WVQwPSE1eIfCp/CaSF2nSrDtzc4I9f8TQ==",
      "cpu": [
        "ia32"
      ],
      "dev": true,
      "optional": true,
      "os": [
        "win32"
      ],
      "engines": {
        "node": ">=12"
      }
    },
    "node_modules/@esbuild/win32-x64": {
      "version": "0.19.10",
      "resolved": "https://registry.npmjs.org/@esbuild/win32-x64/-/win32-x64-0.19.10.tgz",
      "integrity": "sha512-whqLG6Sc70AbU73fFYvuYzaE4MNMBIlR1Y/IrUeOXFrWHxBEjjbZaQ3IXIQS8wJdAzue2GwYZCjOrgrU1oUHoA==",
      "cpu": [
        "x64"
      ],
      "dev": true,
      "optional": true,
      "os": [
        "win32"
      ],
      "engines": {
        "node": ">=12"
      }
    },
    "node_modules/@loaders.gl/core": {
      "version": "4.2.2",
      "resolved": "https://registry.npmjs.org/@loaders.gl/core/-/core-4.2.2.tgz",
      "integrity": "sha512-d3YElSsqL29MaiOwzGB97v994SPotbTvJnooCqoQsYGoYYrECdIetv1/zlfDsh5UB2Wl/NaUMJrzyOqlLmDz5Q==",
      "peer": true,
      "dependencies": {
        "@loaders.gl/loader-utils": "4.2.2",
        "@loaders.gl/schema": "4.2.2",
        "@loaders.gl/worker-utils": "4.2.2",
        "@probe.gl/log": "^4.0.2"
      }
    },
    "node_modules/@loaders.gl/images": {
      "version": "4.2.2",
      "resolved": "https://registry.npmjs.org/@loaders.gl/images/-/images-4.2.2.tgz",
      "integrity": "sha512-R53rkexvVT0i4YXt++r8gLq3reB6kWTLvdJL81J3R4YJbM5+kNSe40jJOA94LFYlsTN+oirF4lkLTe5YXGZPYQ==",
      "dependencies": {
        "@loaders.gl/loader-utils": "4.2.2"
      },
      "peerDependencies": {
        "@loaders.gl/core": "^4.0.0"
      }
    },
    "node_modules/@loaders.gl/loader-utils": {
      "version": "4.2.2",
      "resolved": "https://registry.npmjs.org/@loaders.gl/loader-utils/-/loader-utils-4.2.2.tgz",
      "integrity": "sha512-5udJQhFx1KNIcRBYkFMi8QZitAsK+m3PkZ9GejM8VpOSsJUHD2Yal3wBHOPTRsOjQ0zXG/nqM7BHOojjeetNTg==",
      "dependencies": {
        "@loaders.gl/schema": "4.2.2",
        "@loaders.gl/worker-utils": "4.2.2",
        "@probe.gl/stats": "^4.0.2"
      },
      "peerDependencies": {
        "@loaders.gl/core": "^4.0.0"
      }
    },
    "node_modules/@loaders.gl/schema": {
      "version": "4.2.2",
      "resolved": "https://registry.npmjs.org/@loaders.gl/schema/-/schema-4.2.2.tgz",
      "integrity": "sha512-vrQ6vlGWWptJXDP1DrL5x/j70xmyt2l36QZcGyDYptrohTGvQLc3yrOEHuD5v96fXX5WR619pT3zSYhuf1FnIg==",
      "dependencies": {
        "@types/geojson": "^7946.0.7"
      },
      "peerDependencies": {
        "@loaders.gl/core": "^4.0.0"
      }
    },
    "node_modules/@loaders.gl/worker-utils": {
      "version": "4.2.2",
      "resolved": "https://registry.npmjs.org/@loaders.gl/worker-utils/-/worker-utils-4.2.2.tgz",
      "integrity": "sha512-7Ad83VS/PmS0T3LXo+LB6cq5oHhAUW3GvYWizm4OfeuBDQRtYK7iRehgC13/BomkNtWIn0y7iAphlQMVrNdvhQ==",
      "peerDependencies": {
        "@loaders.gl/core": "^4.0.0"
      }
    },
    "node_modules/@luma.gl/constants": {
      "version": "9.0.14",
      "resolved": "https://registry.npmjs.org/@luma.gl/constants/-/constants-9.0.14.tgz",
      "integrity": "sha512-mCZ5Sr39EX8AjPVy3v5W/XamaU6dtA5CEHCYLPdyMXEQ2snqsFut2Y4cOO/ySuOUccjEm4Y6Vb45BJKNMN8NyQ=="
    },
    "node_modules/@luma.gl/core": {
      "version": "9.0.14",
      "resolved": "https://registry.npmjs.org/@luma.gl/core/-/core-9.0.14.tgz",
      "integrity": "sha512-XkgCpVWGtfmEVTRbkkBu1HksjD1+3ZFqamNlCNgeWqsCcy0UZ2+iTF9qyxnT9K0QhdhnPgox6890A49C2iSRnw==",
      "peer": true,
      "dependencies": {
        "@math.gl/types": "^4.0.0",
        "@probe.gl/env": "^4.0.2",
        "@probe.gl/log": "^4.0.2",
        "@probe.gl/stats": "^4.0.2",
        "@types/offscreencanvas": "^2019.6.4"
      }
    },
    "node_modules/@luma.gl/engine": {
      "version": "9.0.14",
      "resolved": "https://registry.npmjs.org/@luma.gl/engine/-/engine-9.0.14.tgz",
      "integrity": "sha512-7PuvXbcovFfXgCWC4eAZAPMzNAf3rfFo7Cd9FB7AEKLIwdYYN6nmn/PNjsZREa8eXK5ExDC8jDJ6lqtWrTqlyg==",
      "peer": true,
      "dependencies": {
        "@luma.gl/shadertools": "9.0.14",
        "@math.gl/core": "^4.0.0",
        "@probe.gl/log": "^4.0.2",
        "@probe.gl/stats": "^4.0.2"
      },
      "peerDependencies": {
        "@luma.gl/core": "^9.0.0"
      }
    },
    "node_modules/@luma.gl/shadertools": {
      "version": "9.0.14",
      "resolved": "https://registry.npmjs.org/@luma.gl/shadertools/-/shadertools-9.0.14.tgz",
      "integrity": "sha512-4UFh/oQ+sRwERzuPf2flgMhHIbENU1xnHvXUzpzE3Z/+/DNljb2oSeMkW74fgpVmM6MuyHZhU1hM5RRq/mW3Tw==",
      "dependencies": {
        "@math.gl/core": "^4.0.0",
        "@math.gl/types": "^4.0.0"
      },
      "peerDependencies": {
        "@luma.gl/core": "^9.0.0"
      }
    },
    "node_modules/@luma.gl/webgl": {
      "version": "9.0.14",
      "resolved": "https://registry.npmjs.org/@luma.gl/webgl/-/webgl-9.0.14.tgz",
      "integrity": "sha512-TcgXPWaKVEVbnzB6Cu49Ia70oZny/GNy57OLj82kW7+llrKY5bpfOaD5aSIDEV34nqmmlpML4agPJXEIzeP/BQ==",
      "peer": true,
      "dependencies": {
        "@luma.gl/constants": "9.0.14",
        "@probe.gl/env": "^4.0.2"
      },
      "peerDependencies": {
        "@luma.gl/core": "^9.0.0"
      }
    },
    "node_modules/@mapbox/tiny-sdf": {
      "version": "2.0.6",
      "resolved": "https://registry.npmjs.org/@mapbox/tiny-sdf/-/tiny-sdf-2.0.6.tgz",
      "integrity": "sha512-qMqa27TLw+ZQz5Jk+RcwZGH7BQf5G/TrutJhspsca/3SHwmgKQ1iq+d3Jxz5oysPVYTGP6aXxCo5Lk9Er6YBAA=="
    },
    "node_modules/@math.gl/core": {
      "version": "4.0.1",
      "resolved": "https://registry.npmjs.org/@math.gl/core/-/core-4.0.1.tgz",
      "integrity": "sha512-9IewNjR9V66o+gYIIq5agFoHy6ZT6DRpRGQBfsUpZz4glAqOjVt64he8GGzjpmqfT+kKT4qwQ7nQl/hZLF15qA==",
      "dependencies": {
        "@math.gl/types": "4.0.1"
      }
    },
    "node_modules/@math.gl/polygon": {
      "version": "4.0.1",
      "resolved": "https://registry.npmjs.org/@math.gl/polygon/-/polygon-4.0.1.tgz",
      "integrity": "sha512-pwtEbwW3N5qy09K/1FwRYW7M2u9XMPBfIe8BNpkbJh8uH3DPXQdT4uCNFiwrQPPQUQTDdlQyLu/0mRHm2R/fbg==",
      "dependencies": {
        "@math.gl/core": "4.0.1"
      }
    },
    "node_modules/@math.gl/sun": {
      "version": "4.0.1",
      "resolved": "https://registry.npmjs.org/@math.gl/sun/-/sun-4.0.1.tgz",
      "integrity": "sha512-nDkQZ9PKd5iMySRM1j01hYG6MwA/MkKXZe4JvArggWUtPXL6nCcPSeiifPXQGIvE9eZdQkbn81StNY9q5l0cFg==",
      "peer": true
    },
    "node_modules/@math.gl/types": {
      "version": "4.0.1",
      "resolved": "https://registry.npmjs.org/@math.gl/types/-/types-4.0.1.tgz",
      "integrity": "sha512-E9qBKAjVBiZD8Is7TbygiLGtYBP3GSLus6RUJSuzFQegdYXeVagvrs4UkBJxhrRAxw4crfH0Tq7IhTMKuuJNQw=="
    },
    "node_modules/@math.gl/web-mercator": {
      "version": "4.0.1",
      "resolved": "https://registry.npmjs.org/@math.gl/web-mercator/-/web-mercator-4.0.1.tgz",
      "integrity": "sha512-eJ0nDw8140kJorf8ASyKRC53rI+UG6vPxpsKJiGRD6lXsoKTeKYebeEAXiGDWTvi2AMe6+xngxTqqwm58fL3Fw=="
    },
    "node_modules/@probe.gl/env": {
      "version": "4.0.9",
      "resolved": "https://registry.npmjs.org/@probe.gl/env/-/env-4.0.9.tgz",
      "integrity": "sha512-AOmVMD0/j78mX+k4+qX7ZhE0sY9H+EaJgIO6trik0BwV6VcrwxTGCGFAeuRsIGhETDnye06tkLXccYatYxAYwQ==",
      "peer": true
    },
    "node_modules/@probe.gl/log": {
      "version": "4.0.9",
      "resolved": "https://registry.npmjs.org/@probe.gl/log/-/log-4.0.9.tgz",
      "integrity": "sha512-ebuZaodSRE9aC+3bVC7cKRHT8garXeT1jTbj1R5tQRqQYc9iGeT3iemVOHx5bN9Q6gAs/0j54iPI+1DvWMAW4A==",
      "peer": true,
      "dependencies": {
        "@probe.gl/env": "4.0.9"
      }
    },
    "node_modules/@probe.gl/stats": {
      "version": "4.0.9",
      "resolved": "https://registry.npmjs.org/@probe.gl/stats/-/stats-4.0.9.tgz",
      "integrity": "sha512-Q9Xt/sJUQaMsbjRKjOscv2t7wXIymTrOEJ4a3da4FTCn7bkKvcdxdyFAQySCrtPxE+YZ5I5lXpWPgv9BwmpE1g=="
    },
    "node_modules/@types/geojson": {
      "version": "7946.0.14",
      "resolved": "https://registry.npmjs.org/@types/geojson/-/geojson-7946.0.14.tgz",
      "integrity": "sha512-WCfD5Ht3ZesJUsONdhvm84dmzWOiOzOAqOncN0++w0lBw1o8OuDNJF2McvvCef/yBqb/HYRahp1BYtODFQ8bRg=="
    },
    "node_modules/@types/hammerjs": {
      "version": "2.0.45",
      "resolved": "https://registry.npmjs.org/@types/hammerjs/-/hammerjs-2.0.45.tgz",
      "integrity": "sha512-qkcUlZmX6c4J8q45taBKTL3p+LbITgyx7qhlPYOdOHZB7B31K0mXbP5YA7i7SgDeEGuI9MnumiKPEMrxg8j3KQ==",
      "peer": true
    },
    "node_modules/@types/offscreencanvas": {
      "version": "2019.7.3",
      "resolved": "https://registry.npmjs.org/@types/offscreencanvas/-/offscreencanvas-2019.7.3.tgz",
      "integrity": "sha512-ieXiYmgSRXUDeOntE1InxjWyvEelZGP63M+cGuquuRLuIKKT1osnkXjxev9B7d1nXSug5vpunx+gNlbVxMlC9A==",
      "peer": true
    },
    "node_modules/d3-hexbin": {
      "version": "0.2.2",
      "resolved": "https://registry.npmjs.org/d3-hexbin/-/d3-hexbin-0.2.2.tgz",
      "integrity": "sha512-KS3fUT2ReD4RlGCjvCEm1RgMtp2NFZumdMu4DBzQK8AZv3fXRM6Xm8I4fSU07UXvH4xxg03NwWKWdvxfS/yc4w=="
    },
    "node_modules/earcut": {
      "version": "2.2.4",
      "resolved": "https://registry.npmjs.org/earcut/-/earcut-2.2.4.tgz",
      "integrity": "sha512-/pjZsA1b4RPHbeWZQn66SWS8nZZWLQQ23oE3Eam7aroEFGEvwKAsJfZ9ytiEMycfzXWpca4FA9QIOehf7PocBQ=="
    },
    "node_modules/esbuild": {
      "version": "0.19.10",
      "resolved": "https://registry.npmjs.org/esbuild/-/esbuild-0.19.10.tgz",
      "integrity": "sha512-S1Y27QGt/snkNYrRcswgRFqZjaTG5a5xM3EQo97uNBnH505pdzSNe/HLBq1v0RO7iK/ngdbhJB6mDAp0OK+iUA==",
      "dev": true,
      "hasInstallScript": true,
      "bin": {
        "esbuild": "bin/esbuild"
      },
      "engines": {
        "node": ">=12"
      },
      "optionalDependencies": {
        "@esbuild/aix-ppc64": "0.19.10",
        "@esbuild/android-arm": "0.19.10",
        "@esbuild/android-arm64": "0.19.10",
        "@esbuild/android-x64": "0.19.10",
        "@esbuild/darwin-arm64": "0.19.10",
        "@esbuild/darwin-x64": "0.19.10",
        "@esbuild/freebsd-arm64": "0.19.10",
        "@esbuild/freebsd-x64": "0.19.10",
        "@esbuild/linux-arm": "0.19.10",
        "@esbuild/linux-arm64": "0.19.10",
        "@esbuild/linux-ia32": "0.19.10",
        "@esbuild/linux-loong64": "0.19.10",
        "@esbuild/linux-mips64el": "0.19.10",
        "@esbuild/linux-ppc64": "0.19.10",
        "@esbuild/linux-riscv64": "0.19.10",
        "@esbuild/linux-s390x": "0.19.10",
        "@esbuild/linux-x64": "0.19.10",
        "@esbuild/netbsd-x64": "0.19.10",
        "@esbuild/openbsd-x64": "0.19.10",
        "@esbuild/sunos-x64": "0.19.10",
        "@esbuild/win32-arm64": "0.19.10",
        "@esbuild/win32-ia32": "0.19.10",
        "@esbuild/win32-x64": "0.19.10"
      }
    },
    "node_modules/expression-eval": {
      "version": "5.0.1",
      "resolved": "https://registry.npmjs.org/expression-eval/-/expression-eval-5.0.1.tgz",
      "integrity": "sha512-7SL4miKp19lI834/F6y156xlNg+i9Q41tteuGNCq9C06S78f1bm3BXuvf0+QpQxv369Pv/P2R7Hb17hzxLpbDA==",
      "deprecated": "The expression-eval npm package is no longer maintained. The package was originally published as part of a now-completed personal project, and I do not have incentives to continue maintenance.",
      "dependencies": {
        "jsep": "^0.3.0"
      }
    },
    "node_modules/gl-matrix": {
      "version": "3.4.3",
      "resolved": "https://registry.npmjs.org/gl-matrix/-/gl-matrix-3.4.3.tgz",
      "integrity": "sha512-wcCp8vu8FT22BnvKVPjXa/ICBWRq/zjFfdofZy1WSpQZpphblv12/bOQLBC1rMM7SGOFS9ltVmKOHil5+Ml7gA==",
      "peer": true
    },
    "node_modules/hammerjs": {
      "version": "2.0.8",
      "resolved": "https://registry.npmjs.org/hammerjs/-/hammerjs-2.0.8.tgz",
      "integrity": "sha512-tSQXBXS/MWQOn/RKckawJ61vvsDpCom87JgxiYdGwHdOa0ht0vzUWDlfioofFCRU0L+6NGDt6XzbgoJvZkMeRQ==",
      "peer": true,
      "engines": {
        "node": ">=0.8.0"
      }
    },
    "node_modules/jsep": {
      "version": "0.3.5",
      "resolved": "https://registry.npmjs.org/jsep/-/jsep-0.3.5.tgz",
      "integrity": "sha512-AoRLBDc6JNnKjNcmonituEABS5bcfqDhQAWWXNTFrqu6nVXBpBAGfcoTGZMFlIrh9FjmE1CQyX9CTNwZrXMMDA==",
      "engines": {
        "node": ">= 6.0.0"
      }
    },
    "node_modules/mjolnir.js": {
      "version": "2.7.3",
      "resolved": "https://registry.npmjs.org/mjolnir.js/-/mjolnir.js-2.7.3.tgz",
      "integrity": "sha512-Z5z/+FzZqOSO3juSVKV3zcm4R2eAlWwlKMcqHmyFEJAaLILNcDKnIbnb4/kbcGyIuhtdWrzu8WOIR7uM6I34aw==",
      "peer": true,
      "dependencies": {
        "@types/hammerjs": "^2.0.41",
        "hammerjs": "^2.0.8"
      },
      "engines": {
        "node": ">= 4",
        "npm": ">= 3"
      }
    },
    "node_modules/mustache": {
      "version": "4.2.0",
      "resolved": "https://registry.npmjs.org/mustache/-/mustache-4.2.0.tgz",
      "integrity": "sha512-71ippSywq5Yb7/tVYyGbkBggbU8H3u5Rz56fH60jGFgr8uHwxs+aSKeqmluIVzM0m0kB7xQjKS6qPfd0b2ZoqQ==",
      "bin": {
        "mustache": "bin/mustache"
      }
    },
    "node_modules/prettier": {
      "version": "3.1.1",
      "resolved": "https://registry.npmjs.org/prettier/-/prettier-3.1.1.tgz",
      "integrity": "sha512-22UbSzg8luF4UuZtzgiUOfcGM8s4tjBv6dJRT7j275NXsy2jb4aJa4NNveul5x4eqlF1wuhuR2RElK71RvmVaw==",
      "dev": true,
      "bin": {
        "prettier": "bin/prettier.cjs"
      },
      "engines": {
        "node": ">=14"
      },
      "funding": {
        "url": "https://github.com/prettier/prettier?sponsor=1"
      }
    }
  }
}
